PODS:
  - Alamofire (4.4.0)
  - AlamofireImage (3.2.0):
    - Alamofire (~> 4.1)
  - AudioPlayer (1.0.7):
    - SwiftyJSON (~> 3.1.4)
  - Runglish (1.0.1)
  - SwiftSoup (1.3.2)
  - SwiftyJSON (3.1.4)
  - TVSetKit (1.0.14):
    - AudioPlayer (~> 1.0.7)
    - Runglish (~> 1.0.0)
    - SwiftyJSON (~> 3.1.4)
  - Unbox (2.4.0)
  - WebAPI (1.0.7):
    - Alamofire (~> 4.4.0)
    - AlamofireImage (~> 3.2.0)
    - SwiftSoup (~> 1.3.2)
    - SwiftyJSON (~> 3.1.4)
    - Unbox (~> 2.4.0)
    - Wrap (~> 2.1.0)
  - Wrap (2.1.0)

DEPENDENCIES:
  - AudioPlayer (~> 1.0.7)
  - Runglish (~> 1.0.0)
  - SwiftyJSON (~> 3.1.4)
  - TVSetKit (~> 1.0.14)
  - WebAPI (~> 1.0.3)

SPEC CHECKSUMS:
  Alamofire: dc44b1600b800eb63da6a19039a0083d62a6a62d
  AlamofireImage: 157ed682cc81d3b9db4fb90c1f12180ac552d93b
  AudioPlayer: 257428dc2764f782ff571953e1985debe3da5248
  Runglish: ca180daeffe03ee928e44fe021963e29ce81ec3d
  SwiftSoup: '09165cc0d03c1ecdaf944716b7996ffeabae32f6'
  SwiftyJSON: c2842d878f95482ffceec5709abc3d05680c0220
  TVSetKit: ba48358040ea4202c638b7c17ab37ae229414d63
  Unbox: c8b2ab69d3337597b4a3f47a0538807dc12db670
  WebAPI: f99029678d79ec2c4f2995c9bcc29a45ef04951c
  Wrap: 731fe4fe3c2429c913a8252a17dbe8bb191e69e1

PODFILE CHECKSUM: 7874e78cbbc1cc345d40323b0f0499141a60ebee

COCOAPODS: 1.2.1
